
Microsoft Visual Studio Solution File, Format Version 12.00
# Visual Studio 15
VisualStudioVersion = 15.0.27004.2010
MinimumVisualStudioVersion = 10.0.40219.1
Project("{9A19103F-16F7-4668-BE54-9A1E7A4F7556}") = "Automation.GuiCore", "Automation.GuiCore\Automation.GuiCore.csproj", "{FD7B40BC-7DBE-4C3B-A2B1-B998E10E3B82}"
EndProject
Project("{9A19103F-16F7-4668-BE54-9A1E7A4F7556}") = "Automation.IoCore", "Automation.IoCore\Automation.IoCore.csproj", "{2A19C065-C5ED-4530-B88D-4EA56F893D0C}"
EndProject
Project("{9A19103F-16F7-4668-BE54-9A1E7A4F7556}") = "Automation.TestsCore", "Automation.TestsCore\Automation.TestsCore.csproj", "{F7759BEB-B8FE-42C0-9341-52053CD20C5A}"
EndProject
Project("{9A19103F-16F7-4668-BE54-9A1E7A4F7556}") = "Automation.SeleniumCore", "Automation.SeleniumCore\Automation.SeleniumCore.csproj", "{E34290B3-1624-4F0F-B514-FFFCF39A6F45}"
EndProject
Project("{9A19103F-16F7-4668-BE54-9A1E7A4F7556}") = "Automation.FrameworkCore", "Automation.FrameworkCore\Automation.FrameworkCore.csproj", "{30C99625-551B-47E4-84DD-FCD8ACF0D44A}"
EndProject
Project("{FAE04EC0-301F-11D3-BF4B-00C04F79EFBC}") = "Automation.DatabaseCore", "Automation.NewDatabaseCore\Automation.DatabaseCore.csproj", "{79133537-6BD6-4C15-A235-16268DE5B832}"
EndProject
Global
	GlobalSection(SolutionConfigurationPlatforms) = preSolution
		Debug|Any CPU = Debug|Any CPU
		Release|Any CPU = Release|Any CPU
	EndGlobalSection
	GlobalSection(ProjectConfigurationPlatforms) = postSolution
		{FD7B40BC-7DBE-4C3B-A2B1-B998E10E3B82}.Debug|Any CPU.ActiveCfg = Debug|Any CPU
		{FD7B40BC-7DBE-4C3B-A2B1-B998E10E3B82}.Debug|Any CPU.Build.0 = Debug|Any CPU
		{FD7B40BC-7DBE-4C3B-A2B1-B998E10E3B82}.Release|Any CPU.ActiveCfg = Release|Any CPU
		{FD7B40BC-7DBE-4C3B-A2B1-B998E10E3B82}.Release|Any CPU.Build.0 = Release|Any CPU
		{2A19C065-C5ED-4530-B88D-4EA56F893D0C}.Debug|Any CPU.ActiveCfg = Debug|Any CPU
		{2A19C065-C5ED-4530-B88D-4EA56F893D0C}.Debug|Any CPU.Build.0 = Debug|Any CPU
		{2A19C065-C5ED-4530-B88D-4EA56F893D0C}.Release|Any CPU.ActiveCfg = Release|Any CPU
		{2A19C065-C5ED-4530-B88D-4EA56F893D0C}.Release|Any CPU.Build.0 = Release|Any CPU
		{F7759BEB-B8FE-42C0-9341-52053CD20C5A}.Debug|Any CPU.ActiveCfg = Debug|Any CPU
		{F7759BEB-B8FE-42C0-9341-52053CD20C5A}.Debug|Any CPU.Build.0 = Debug|Any CPU
		{F7759BEB-B8FE-42C0-9341-52053CD20C5A}.Release|Any CPU.ActiveCfg = Release|Any CPU
		{F7759BEB-B8FE-42C0-9341-52053CD20C5A}.Release|Any CPU.Build.0 = Release|Any CPU
		{E34290B3-1624-4F0F-B514-FFFCF39A6F45}.Debug|Any CPU.ActiveCfg = Debug|Any CPU
		{E34290B3-1624-4F0F-B514-FFFCF39A6F45}.Debug|Any CPU.Build.0 = Debug|Any CPU
		{E34290B3-1624-4F0F-B514-FFFCF39A6F45}.Release|Any CPU.ActiveCfg = Release|Any CPU
		{E34290B3-1624-4F0F-B514-FFFCF39A6F45}.Release|Any CPU.Build.0 = Release|Any CPU
		{30C99625-551B-47E4-84DD-FCD8ACF0D44A}.Debug|Any CPU.ActiveCfg = Debug|Any CPU
		{30C99625-551B-47E4-84DD-FCD8ACF0D44A}.Debug|Any CPU.Build.0 = Debug|Any CPU
		{30C99625-551B-47E4-84DD-FCD8ACF0D44A}.Release|Any CPU.ActiveCfg = Release|Any CPU
		{30C99625-551B-47E4-84DD-FCD8ACF0D44A}.Release|Any CPU.Build.0 = Release|Any CPU
		{79133537-6BD6-4C15-A235-16268DE5B832}.Debug|Any CPU.ActiveCfg = Debug|Any CPU
		{79133537-6BD6-4C15-A235-16268DE5B832}.Debug|Any CPU.Build.0 = Debug|Any CPU
		{79133537-6BD6-4C15-A235-16268DE5B832}.Release|Any CPU.ActiveCfg = Release|Any CPU
		{79133537-6BD6-4C15-A235-16268DE5B832}.Release|Any CPU.Build.0 = Release|Any CPU
	EndGlobalSection
	GlobalSection(SolutionProperties) = preSolution
		HideSolutionNode = FALSE
	EndGlobalSection
	GlobalSection(ExtensibilityGlobals) = postSolution
		SolutionGuid = {052F072C-A1BE-4C0A-A98C-212963DA549B}
	EndGlobalSection
EndGlobal
