
Microsoft Visual Studio Solution File, Format Version 12.00
# Visual Studio 15
VisualStudioVersion = 15.0.27004.2008
MinimumVisualStudioVersion = 10.0.40219.1
Project("{FAE04EC0-301F-11D3-BF4B-00C04F79EFBC}") = "Automation.Gui", "Automation.Gui\Automation.Gui.csproj", "{3555571E-BC0E-4C79-B7D1-28FD45A6F1D9}"
EndProject
Project("{FAE04EC0-301F-11D3-BF4B-00C04F79EFBC}") = "Automation.Xml", "Automation.Xml\Automation.Xml.csproj", "{B863BA46-DD40-4517-BE87-7668C169E447}"
EndProject
Project("{FAE04EC0-301F-11D3-BF4B-00C04F79EFBC}") = "Automation.Framework", "Automation.Framework\Automation.Framework.csproj", "{ECB2E5AA-27B7-4B52-A08C-49C8BE87F6F4}"
EndProject
Project("{FAE04EC0-301F-11D3-BF4B-00C04F79EFBC}") = "Automation.Selenium", "Automation.Selenium\Automation.Selenium.csproj", "{DFF5E1AD-696A-44A3-BD37-D3344035DA53}"
EndProject
Project("{FAE04EC0-301F-11D3-BF4B-00C04F79EFBC}") = "Automation.Tests", "Automation.Tests\Automation.Tests.csproj", "{F64CD766-D47F-4DC9-82E9-04B7F7004E21}"
EndProject
Project("{FAE04EC0-301F-11D3-BF4B-00C04F79EFBC}") = "Automation.Database", "Automation.Database\Automation.Database.csproj", "{536868AA-BE34-4BD6-B0FB-368BE72B0672}"
EndProject
Global
	GlobalSection(SolutionConfigurationPlatforms) = preSolution
		Debug|Any CPU = Debug|Any CPU
		Release|Any CPU = Release|Any CPU
	EndGlobalSection
	GlobalSection(ProjectConfigurationPlatforms) = postSolution
		{3555571E-BC0E-4C79-B7D1-28FD45A6F1D9}.Debug|Any CPU.ActiveCfg = Debug|Any CPU
		{3555571E-BC0E-4C79-B7D1-28FD45A6F1D9}.Debug|Any CPU.Build.0 = Debug|Any CPU
		{3555571E-BC0E-4C79-B7D1-28FD45A6F1D9}.Release|Any CPU.ActiveCfg = Release|Any CPU
		{3555571E-BC0E-4C79-B7D1-28FD45A6F1D9}.Release|Any CPU.Build.0 = Release|Any CPU
		{B863BA46-DD40-4517-BE87-7668C169E447}.Debug|Any CPU.ActiveCfg = Debug|Any CPU
		{B863BA46-DD40-4517-BE87-7668C169E447}.Debug|Any CPU.Build.0 = Debug|Any CPU
		{B863BA46-DD40-4517-BE87-7668C169E447}.Release|Any CPU.ActiveCfg = Release|Any CPU
		{B863BA46-DD40-4517-BE87-7668C169E447}.Release|Any CPU.Build.0 = Release|Any CPU
		{ECB2E5AA-27B7-4B52-A08C-49C8BE87F6F4}.Debug|Any CPU.ActiveCfg = Debug|Any CPU
		{ECB2E5AA-27B7-4B52-A08C-49C8BE87F6F4}.Debug|Any CPU.Build.0 = Debug|Any CPU
		{ECB2E5AA-27B7-4B52-A08C-49C8BE87F6F4}.Release|Any CPU.ActiveCfg = Release|Any CPU
		{ECB2E5AA-27B7-4B52-A08C-49C8BE87F6F4}.Release|Any CPU.Build.0 = Release|Any CPU
		{DFF5E1AD-696A-44A3-BD37-D3344035DA53}.Debug|Any CPU.ActiveCfg = Debug|Any CPU
		{DFF5E1AD-696A-44A3-BD37-D3344035DA53}.Debug|Any CPU.Build.0 = Debug|Any CPU
		{DFF5E1AD-696A-44A3-BD37-D3344035DA53}.Release|Any CPU.ActiveCfg = Release|Any CPU
		{DFF5E1AD-696A-44A3-BD37-D3344035DA53}.Release|Any CPU.Build.0 = Release|Any CPU
		{F64CD766-D47F-4DC9-82E9-04B7F7004E21}.Debug|Any CPU.ActiveCfg = Debug|Any CPU
		{F64CD766-D47F-4DC9-82E9-04B7F7004E21}.Debug|Any CPU.Build.0 = Debug|Any CPU
		{F64CD766-D47F-4DC9-82E9-04B7F7004E21}.Release|Any CPU.ActiveCfg = Release|Any CPU
		{F64CD766-D47F-4DC9-82E9-04B7F7004E21}.Release|Any CPU.Build.0 = Release|Any CPU
		{536868AA-BE34-4BD6-B0FB-368BE72B0672}.Debug|Any CPU.ActiveCfg = Debug|Any CPU
		{536868AA-BE34-4BD6-B0FB-368BE72B0672}.Debug|Any CPU.Build.0 = Debug|Any CPU
		{536868AA-BE34-4BD6-B0FB-368BE72B0672}.Release|Any CPU.ActiveCfg = Release|Any CPU
		{536868AA-BE34-4BD6-B0FB-368BE72B0672}.Release|Any CPU.Build.0 = Release|Any CPU
	EndGlobalSection
	GlobalSection(SolutionProperties) = preSolution
		HideSolutionNode = FALSE
	EndGlobalSection
	GlobalSection(ExtensibilityGlobals) = postSolution
		SolutionGuid = {3BB3DABA-B49E-49FA-A11A-61973BB324DF}
	EndGlobalSection
EndGlobal
